
Microsoft Visual Studio Solution File, Format Version 12.00
# Visual Studio Version 16
VisualStudioVersion = 16.0.29814.53
MinimumVisualStudioVersion = 10.0.40219.1
Project("{FAE04EC0-301F-11D3-BF4B-00C04F79EFBC}") = "lyndaLearning", "lyndaLearning.csproj", "{0CEF79B1-594B-4CD8-9320-4D4E9980FACF}"
EndProject
Global
	GlobalSection(SolutionConfigurationPlatforms) = preSolution
		Debug|Any CPU = Debug|Any CPU
		Release|Any CPU = Release|Any CPU
	EndGlobalSection
	GlobalSection(ProjectConfigurationPlatforms) = postSolution
		{0CEF79B1-594B-4CD8-9320-4D4E9980FACF}.Debug|Any CPU.ActiveCfg = Debug|Any CPU
		{0CEF79B1-594B-4CD8-9320-4D4E9980FACF}.Debug|Any CPU.Build.0 = Debug|Any CPU
		{0CEF79B1-594B-4CD8-9320-4D4E9980FACF}.Release|Any CPU.ActiveCfg = Release|Any CPU
		{0CEF79B1-594B-4CD8-9320-4D4E9980FACF}.Release|Any CPU.Build.0 = Release|Any CPU
	EndGlobalSection
	GlobalSection(SolutionProperties) = preSolution
		HideSolutionNode = FALSE
	EndGlobalSection
	GlobalSection(ExtensibilityGlobals) = postSolution
		SolutionGuid = {229CF4C0-AD6F-478E-BF45-AA93474A2F28}
	EndGlobalSection
EndGlobal
